Microsoft Visual Studio Solution File, Format Version 12.00
# Visual Studio Version 17
VisualStudioVersion = 17.5.2.0
MinimumVisualStudioVersion = 10.0.40219.1
Project("{2150E333-8FDC-42A3-9474-1A3956D46DE8}") = "todoApp", "todoApp", "{74689624-1556-E53D-1DCF-B93F2AA0D48D}"
EndProject
Project("{FAE04EC0-301F-11D3-BF4B-00C04F79EFBC}") = "Service", "todoApp\Service\Service.csproj", "{C7E2A4FF-6832-518B-F654-C2BB78CD16CD}"
EndProject
Project("{FAE04EC0-301F-11D3-BF4B-00C04F79EFBC}") = "Infrastructure.SQL", "todoApp\Infrastructure.SQL\Infrastructure.SQL.csproj", "{1568F315-D6AF-A16F-7E77-2AD1E09ED357}"
EndProject
Project("{FAE04EC0-301F-11D3-BF4B-00C04F79EFBC}") = "Domain", "todoApp\Domain\Domain.csproj", "{AF849E72-0D85-CD9F-D84A-DD5B92F8EB0D}"
EndProject
Project("{FAE04EC0-301F-11D3-BF4B-00C04F79EFBC}") = "API", "todoApp\API\API.csproj", "{822B3385-0B3C-9190-1B8D-46FDAF51A734}"
EndProject
Global
	GlobalSection(SolutionConfigurationPlatforms) = preSolution
		Debug|Any CPU = Debug|Any CPU
		Release|Any CPU = Release|Any CPU
	EndGlobalSection
	GlobalSection(ProjectConfigurationPlatforms) = postSolution
		{C7E2A4FF-6832-518B-F654-C2BB78CD16CD}.Debug|Any CPU.ActiveCfg = Debug|Any CPU
		{C7E2A4FF-6832-518B-F654-C2BB78CD16CD}.Debug|Any CPU.Build.0 = Debug|Any CPU
		{C7E2A4FF-6832-518B-F654-C2BB78CD16CD}.Release|Any CPU.ActiveCfg = Release|Any CPU
		{C7E2A4FF-6832-518B-F654-C2BB78CD16CD}.Release|Any CPU.Build.0 = Release|Any CPU
		{1568F315-D6AF-A16F-7E77-2AD1E09ED357}.Debug|Any CPU.ActiveCfg = Debug|Any CPU
		{1568F315-D6AF-A16F-7E77-2AD1E09ED357}.Debug|Any CPU.Build.0 = Debug|Any CPU
		{1568F315-D6AF-A16F-7E77-2AD1E09ED357}.Release|Any CPU.ActiveCfg = Release|Any CPU
		{1568F315-D6AF-A16F-7E77-2AD1E09ED357}.Release|Any CPU.Build.0 = Release|Any CPU
		{AF849E72-0D85-CD9F-D84A-DD5B92F8EB0D}.Debug|Any CPU.ActiveCfg = Debug|Any CPU
		{AF849E72-0D85-CD9F-D84A-DD5B92F8EB0D}.Debug|Any CPU.Build.0 = Debug|Any CPU
		{AF849E72-0D85-CD9F-D84A-DD5B92F8EB0D}.Release|Any CPU.ActiveCfg = Release|Any CPU
		{AF849E72-0D85-CD9F-D84A-DD5B92F8EB0D}.Release|Any CPU.Build.0 = Release|Any CPU
		{822B3385-0B3C-9190-1B8D-46FDAF51A734}.Debug|Any CPU.ActiveCfg = Debug|Any CPU
		{822B3385-0B3C-9190-1B8D-46FDAF51A734}.Debug|Any CPU.Build.0 = Debug|Any CPU
		{822B3385-0B3C-9190-1B8D-46FDAF51A734}.Release|Any CPU.ActiveCfg = Release|Any CPU
		{822B3385-0B3C-9190-1B8D-46FDAF51A734}.Release|Any CPU.Build.0 = Release|Any CPU
	EndGlobalSection
	GlobalSection(SolutionProperties) = preSolution
		HideSolutionNode = FALSE
	EndGlobalSection
	GlobalSection(NestedProjects) = preSolution
		{C7E2A4FF-6832-518B-F654-C2BB78CD16CD} = {74689624-1556-E53D-1DCF-B93F2AA0D48D}
		{1568F315-D6AF-A16F-7E77-2AD1E09ED357} = {74689624-1556-E53D-1DCF-B93F2AA0D48D}
		{AF849E72-0D85-CD9F-D84A-DD5B92F8EB0D} = {74689624-1556-E53D-1DCF-B93F2AA0D48D}
		{822B3385-0B3C-9190-1B8D-46FDAF51A734} = {74689624-1556-E53D-1DCF-B93F2AA0D48D}
	EndGlobalSection
	GlobalSection(ExtensibilityGlobals) = postSolution
		SolutionGuid = {A760CE96-A6E4-4D48-BEC8-6ACF5CE9AFF6}
	EndGlobalSection
EndGlobal
